
Microsoft Visual Studio Solution File, Format Version 12.00
# Visual Studio Version 17
VisualStudioVersion = 17.5.33414.496
MinimumVisualStudioVersion = 10.0.40219.1
Project("{FAE04EC0-301F-11D3-BF4B-00C04F79EFBC}") = "Neural1", "Neural1\Neural1.csproj", "{B8E8856D-3BEA-4018-A0CB-5CEE9977AED1}"
EndProject
Global
	GlobalSection(SolutionConfigurationPlatforms) = preSolution
		Debug|Any CPU = Debug|Any CPU
		Release|Any CPU = Release|Any CPU
	EndGlobalSection
	GlobalSection(ProjectConfigurationPlatforms) = postSolution
		{B8E8856D-3BEA-4018-A0CB-5CEE9977AED1}.Debug|Any CPU.ActiveCfg = Debug|Any CPU
		{B8E8856D-3BEA-4018-A0CB-5CEE9977AED1}.Debug|Any CPU.Build.0 = Debug|Any CPU
		{B8E8856D-3BEA-4018-A0CB-5CEE9977AED1}.Release|Any CPU.ActiveCfg = Release|Any CPU
		{B8E8856D-3BEA-4018-A0CB-5CEE9977AED1}.Release|Any CPU.Build.0 = Release|Any CPU
	EndGlobalSection
	GlobalSection(SolutionProperties) = preSolution
		HideSolutionNode = FALSE
	EndGlobalSection
	GlobalSection(ExtensibilityGlobals) = postSolution
		SolutionGuid = {0C59657B-BABE-42D2-81EA-B4F908A4DBA7}
	EndGlobalSection
EndGlobal
